
Microsoft Visual Studio Solution File, Format Version 12.00
# Visual Studio Version 17
VisualStudioVersion = 17.9.34701.34
MinimumVisualStudioVersion = 10.0.40219.1
Project("{FAE04EC0-301F-11D3-BF4B-00C04F79EFBC}") = "namasdev.Web.JS.Sample", "namasdev.Web.JS.Sample.csproj", "{E8D6A3EE-3253-4C52-9A8D-08CC3445BABF}"
EndProject
Global
	GlobalSection(SolutionConfigurationPlatforms) = preSolution
		Debug|Any CPU = Debug|Any CPU
		Release|Any CPU = Release|Any CPU
	EndGlobalSection
	GlobalSection(ProjectConfigurationPlatforms) = postSolution
		{E8D6A3EE-3253-4C52-9A8D-08CC3445BABF}.Debug|Any CPU.ActiveCfg = Debug|Any CPU
		{E8D6A3EE-3253-4C52-9A8D-08CC3445BABF}.Debug|Any CPU.Build.0 = Debug|Any CPU
		{E8D6A3EE-3253-4C52-9A8D-08CC3445BABF}.Release|Any CPU.ActiveCfg = Release|Any CPU
		{E8D6A3EE-3253-4C52-9A8D-08CC3445BABF}.Release|Any CPU.Build.0 = Release|Any CPU
	EndGlobalSection
	GlobalSection(SolutionProperties) = preSolution
		HideSolutionNode = FALSE
	EndGlobalSection
	GlobalSection(ExtensibilityGlobals) = postSolution
		SolutionGuid = {F6F121D4-3C37-4CE1-BCEF-12208A4AF99E}
	EndGlobalSection
EndGlobal
